
Microsoft Visual Studio Solution File, Format Version 12.00
# Visual Studio 15
VisualStudioVersion = 15.0.27130.2027
MinimumVisualStudioVersion = 10.0.40219.1
Project("{9A19103F-16F7-4668-BE54-9A1E7A4F7556}") = "CatLibrary", "CatLibrary\CatLibrary.csproj", "{6A9E1608-8DA9-43C9-BDC0-A1A3742599EE}"
EndProject
Project("{FAE04EC0-301F-11D3-BF4B-00C04F79EFBC}") = "CoreWebApplication", "CoreWebApplication\CoreWebApplication.csproj", "{1920EC47-A4AE-4E50-9F32-3BC074995BBF}"
EndProject
Project("{FAE04EC0-301F-11D3-BF4B-00C04F79EFBC}") = "ConsoleApp", "ConsoleApp\ConsoleApp.csproj", "{6A6EF69C-2E74-4BF7-8D86-ED08EDD9DEE2}"
EndProject
Global
	GlobalSection(SolutionConfigurationPlatforms) = preSolution
		Debug|Any CPU = Debug|Any CPU
		Release|Any CPU = Release|Any CPU
	EndGlobalSection
	GlobalSection(ProjectConfigurationPlatforms) = postSolution
		{6A9E1608-8DA9-43C9-BDC0-A1A3742599EE}.Debug|Any CPU.ActiveCfg = Debug|Any CPU
		{6A9E1608-8DA9-43C9-BDC0-A1A3742599EE}.Debug|Any CPU.Build.0 = Debug|Any CPU
		{6A9E1608-8DA9-43C9-BDC0-A1A3742599EE}.Release|Any CPU.ActiveCfg = Release|Any CPU
		{6A9E1608-8DA9-43C9-BDC0-A1A3742599EE}.Release|Any CPU.Build.0 = Release|Any CPU
		{1920EC47-A4AE-4E50-9F32-3BC074995BBF}.Debug|Any CPU.ActiveCfg = Debug|Any CPU
		{1920EC47-A4AE-4E50-9F32-3BC074995BBF}.Debug|Any CPU.Build.0 = Debug|Any CPU
		{1920EC47-A4AE-4E50-9F32-3BC074995BBF}.Release|Any CPU.ActiveCfg = Release|Any CPU
		{1920EC47-A4AE-4E50-9F32-3BC074995BBF}.Release|Any CPU.Build.0 = Release|Any CPU
		{6A6EF69C-2E74-4BF7-8D86-ED08EDD9DEE2}.Debug|Any CPU.ActiveCfg = Debug|Any CPU
		{6A6EF69C-2E74-4BF7-8D86-ED08EDD9DEE2}.Debug|Any CPU.Build.0 = Debug|Any CPU
		{6A6EF69C-2E74-4BF7-8D86-ED08EDD9DEE2}.Release|Any CPU.ActiveCfg = Release|Any CPU
		{6A6EF69C-2E74-4BF7-8D86-ED08EDD9DEE2}.Release|Any CPU.Build.0 = Release|Any CPU
	EndGlobalSection
	GlobalSection(SolutionProperties) = preSolution
		HideSolutionNode = FALSE
	EndGlobalSection
	GlobalSection(ExtensibilityGlobals) = postSolution
		SolutionGuid = {D8503F6B-2318-4DD0-B329-EBB11734068A}
	EndGlobalSection
EndGlobal
